# This file is generated by running "yarn install" inside your project.
# Manual changes might be lost - proceed with caution!

__metadata:
  version: 8
  cacheKey: 10

"@channel.io/bezier-tokens@npm:^0.2.11":
  version: 0.2.11
  resolution: "@channel.io/bezier-tokens@npm:0.2.11"
  checksum: 10/c1633bac4e738aaff60a4d1a1e9a2068ba0a6683fd3d3c16c44bd71feabe5d86986e3780faca08fea981e5420eb8eaa64f57de4b7f995f82f2e5a20bb21cfbb5
  languageName: node
  linkType: hard

"bezier-vscode-server@workspace:.":
  version: 0.0.0-use.local
  resolution: "bezier-vscode-server@workspace:."
  dependencies:
    "@channel.io/bezier-tokens": "npm:^0.2.11"
    vscode-languageserver: "npm:^9.0.1"
    vscode-languageserver-textdocument: "npm:^1.0.11"
  languageName: unknown
  linkType: soft

"vscode-jsonrpc@npm:8.2.0":
  version: 8.2.0
  resolution: "vscode-jsonrpc@npm:8.2.0"
  checksum: 10/6d57c3aed591d0bc89d1c226061d265b04de528582bef183f5998cac5de78a736887e5238fe48b9f6a14ec32f05d8fda71599f92862ac5dacc7f26bf7399b532
  languageName: node
  linkType: hard

"vscode-languageserver-protocol@npm:3.17.5":
  version: 3.17.5
  resolution: "vscode-languageserver-protocol@npm:3.17.5"
  dependencies:
    vscode-jsonrpc: "npm:8.2.0"
    vscode-languageserver-types: "npm:3.17.5"
  checksum: 10/aeb9c190184c365fa6b835e5aa7574c86cb3ecb2789386bcff76a09b22bc8b8e0d5da47c28193a9c73cfb32c10a12a91191779280324a38efb401e3ef7bad294
  languageName: node
  linkType: hard

"vscode-languageserver-textdocument@npm:^1.0.11":
  version: 1.0.12
  resolution: "vscode-languageserver-textdocument@npm:1.0.12"
  checksum: 10/2bc0fde952d40f35a31179623d1491b0fafdee156aaf58557f40f5d394a25fc84826763cdde55fa6ce2ed9cd35a931355ad6dd7fe5db82e7f21e5d865f0af8c6
  languageName: node
  linkType: hard

"vscode-languageserver-types@npm:3.17.5":
  version: 3.17.5
  resolution: "vscode-languageserver-types@npm:3.17.5"
  checksum: 10/900d0b81df5bef8d90933e75be089142f6989cc70fdb2d5a3a5f11fa20feb396aaea23ccffc8fbcc83a2f0e1b13c6ee48ff8151f236cbd6e61a4f856efac1a58
  languageName: node
  linkType: hard

"vscode-languageserver@npm:^9.0.1":
  version: 9.0.1
  resolution: "vscode-languageserver@npm:9.0.1"
  dependencies:
    vscode-languageserver-protocol: "npm:3.17.5"
  bin:
    installServerIntoExtension: bin/installServerIntoExtension
  checksum: 10/1cb643b1b1f41a620aaf4a62e152acad694c22b4d98de73fa614a0bddf3b4b4832460465bdbc43f27ba23dad7e61aba533e77b8bfac74cc8de310c39623a7ba1
  languageName: node
  linkType: hard
