# This file is generated by running "yarn install" inside your project.
# Manual changes might be lost - proceed with caution!

__metadata:
  version: 8
  cacheKey: 10

"@channel.io/bezier-tokens@npm:0.2.11":
  version: 0.2.11
  resolution: "@channel.io/bezier-tokens@npm:0.2.11"
  checksum: 10/c1633bac4e738aaff60a4d1a1e9a2068ba0a6683fd3d3c16c44bd71feabe5d86986e3780faca08fea981e5420eb8eaa64f57de4b7f995f82f2e5a20bb21cfbb5
  languageName: node
  linkType: hard

"@types/node@npm:^20.11.20":
  version: 20.17.6
  resolution: "@types/node@npm:20.17.6"
  dependencies:
    undici-types: "npm:~6.19.2"
  checksum: 10/714b8b54951950cee662ce80492831ebc51f914a9adf88583cea777ea4d55b88827b2505ff2f53d2bb7753691aaab1b06c027a7b5c63eb153ad4acee1239690c
  languageName: node
  linkType: hard

"@types/vscode@npm:^1.64.0":
  version: 1.95.0
  resolution: "@types/vscode@npm:1.95.0"
  checksum: 10/2ec60421c66816355a565dcf4a5fdcc05f751754c192b0b8b84f3006ebbc64c72421de1a90fa3dbc74cac5dd0dc30eeaea4a8064a8a50d6e3df908390781522d
  languageName: node
  linkType: hard

"balanced-match@npm:^1.0.0":
  version: 1.0.2
  resolution: "balanced-match@npm:1.0.2"
  checksum: 10/9706c088a283058a8a99e0bf91b0a2f75497f185980d9ffa8b304de1d9e58ebda7c72c07ebf01dadedaac5b2907b2c6f566f660d62bd336c3468e960403b9d65
  languageName: node
  linkType: hard

"bezier-vscode@workspace:.":
  version: 0.0.0-use.local
  resolution: "bezier-vscode@workspace:."
  dependencies:
    "@channel.io/bezier-tokens": "npm:0.2.11"
    "@types/node": "npm:^20.11.20"
    "@types/vscode": "npm:^1.64.0"
    vscode-languageclient: "npm:^9.0.1"
    vscode-languageserver: "npm:^9.0.1"
    vscode-languageserver-textdocument: "npm:^1.0.11"
  languageName: unknown
  linkType: soft

"brace-expansion@npm:^2.0.1":
  version: 2.0.1
  resolution: "brace-expansion@npm:2.0.1"
  dependencies:
    balanced-match: "npm:^1.0.0"
  checksum: 10/a61e7cd2e8a8505e9f0036b3b6108ba5e926b4b55089eeb5550cd04a471fe216c96d4fe7e4c7f995c728c554ae20ddfc4244cad10aef255e72b62930afd233d1
  languageName: node
  linkType: hard

"minimatch@npm:^5.1.0":
  version: 5.1.6
  resolution: "minimatch@npm:5.1.6"
  dependencies:
    brace-expansion: "npm:^2.0.1"
  checksum: 10/126b36485b821daf96d33b5c821dac600cc1ab36c87e7a532594f9b1652b1fa89a1eebcaad4dff17c764dce1a7ac1531327f190fed5f97d8f6e5f889c116c429
  languageName: node
  linkType: hard

"semver@npm:^7.3.7":
  version: 7.6.3
  resolution: "semver@npm:7.6.3"
  bin:
    semver: bin/semver.js
  checksum: 10/36b1fbe1a2b6f873559cd57b238f1094a053dbfd997ceeb8757d79d1d2089c56d1321b9f1069ce263dc64cfa922fa1d2ad566b39426fe1ac6c723c1487589e10
  languageName: node
  linkType: hard

"undici-types@npm:~6.19.2":
  version: 6.19.8
  resolution: "undici-types@npm:6.19.8"
  checksum: 10/cf0b48ed4fc99baf56584afa91aaffa5010c268b8842f62e02f752df209e3dea138b372a60a963b3b2576ed932f32329ce7ddb9cb5f27a6c83040d8cd74b7a70
  languageName: node
  linkType: hard

"vscode-jsonrpc@npm:8.2.0":
  version: 8.2.0
  resolution: "vscode-jsonrpc@npm:8.2.0"
  checksum: 10/6d57c3aed591d0bc89d1c226061d265b04de528582bef183f5998cac5de78a736887e5238fe48b9f6a14ec32f05d8fda71599f92862ac5dacc7f26bf7399b532
  languageName: node
  linkType: hard

"vscode-languageclient@npm:^9.0.1":
  version: 9.0.1
  resolution: "vscode-languageclient@npm:9.0.1"
  dependencies:
    minimatch: "npm:^5.1.0"
    semver: "npm:^7.3.7"
    vscode-languageserver-protocol: "npm:3.17.5"
  checksum: 10/56acdb78a153e39d9f97494833ae74ff49b143034f4ef8d0bd3817e39c9278d1e6db7269875d0b3fc173d9717b5806b6812bbac7d85b8325c37ca142383bfcdb
  languageName: node
  linkType: hard

"vscode-languageserver-protocol@npm:3.17.5":
  version: 3.17.5
  resolution: "vscode-languageserver-protocol@npm:3.17.5"
  dependencies:
    vscode-jsonrpc: "npm:8.2.0"
    vscode-languageserver-types: "npm:3.17.5"
  checksum: 10/aeb9c190184c365fa6b835e5aa7574c86cb3ecb2789386bcff76a09b22bc8b8e0d5da47c28193a9c73cfb32c10a12a91191779280324a38efb401e3ef7bad294
  languageName: node
  linkType: hard

"vscode-languageserver-textdocument@npm:^1.0.11":
  version: 1.0.12
  resolution: "vscode-languageserver-textdocument@npm:1.0.12"
  checksum: 10/2bc0fde952d40f35a31179623d1491b0fafdee156aaf58557f40f5d394a25fc84826763cdde55fa6ce2ed9cd35a931355ad6dd7fe5db82e7f21e5d865f0af8c6
  languageName: node
  linkType: hard

"vscode-languageserver-types@npm:3.17.5":
  version: 3.17.5
  resolution: "vscode-languageserver-types@npm:3.17.5"
  checksum: 10/900d0b81df5bef8d90933e75be089142f6989cc70fdb2d5a3a5f11fa20feb396aaea23ccffc8fbcc83a2f0e1b13c6ee48ff8151f236cbd6e61a4f856efac1a58
  languageName: node
  linkType: hard

"vscode-languageserver@npm:^9.0.1":
  version: 9.0.1
  resolution: "vscode-languageserver@npm:9.0.1"
  dependencies:
    vscode-languageserver-protocol: "npm:3.17.5"
  bin:
    installServerIntoExtension: bin/installServerIntoExtension
  checksum: 10/1cb643b1b1f41a620aaf4a62e152acad694c22b4d98de73fa614a0bddf3b4b4832460465bdbc43f27ba23dad7e61aba533e77b8bfac74cc8de310c39623a7ba1
  languageName: node
  linkType: hard
